
Microsoft Visual Studio Solution File, Format Version 12.00
# Visual Studio Version 16
VisualStudioVersion = 16.0.810.11
MinimumVisualStudioVersion = 10.0.40219.1
Project("{FAE04EC0-301F-11D3-BF4B-00C04F79EFBC}") = "diagram_OOP", "diagram_OOP\diagram_OOP.csproj", "{FF52A48F-AB96-4B3D-A91D-C778019D2C05}"
EndProject
Global
	GlobalSection(SolutionConfigurationPlatforms) = preSolution
		Debug|Any CPU = Debug|Any CPU
		Release|Any CPU = Release|Any CPU
	EndGlobalSection
	GlobalSection(ProjectConfigurationPlatforms) = postSolution
		{FF52A48F-AB96-4B3D-A91D-C778019D2C05}.Debug|Any CPU.ActiveCfg = Debug|Any CPU
		{FF52A48F-AB96-4B3D-A91D-C778019D2C05}.Debug|Any CPU.Build.0 = Debug|Any CPU
		{FF52A48F-AB96-4B3D-A91D-C778019D2C05}.Release|Any CPU.ActiveCfg = Release|Any CPU
		{FF52A48F-AB96-4B3D-A91D-C778019D2C05}.Release|Any CPU.Build.0 = Release|Any CPU
	EndGlobalSection
	GlobalSection(SolutionProperties) = preSolution
		HideSolutionNode = FALSE
	EndGlobalSection
	GlobalSection(ExtensibilityGlobals) = postSolution
		SolutionGuid = {BEB29493-4AB7-4541-B972-CE83BE670245}
	EndGlobalSection
EndGlobal
